
Microsoft Visual Studio Solution File, Format Version 12.00
# Visual Studio Version 17
VisualStudioVersion = 17.10.35013.160
MinimumVisualStudioVersion = 10.0.40219.1
Project("{2150E333-8FDC-42A3-9474-1A3956D46DE8}") = "src", "src", "{2C02AA95-1F2A-4788-B71E-2381B7E30F6E}"
	ProjectSection(SolutionItems) = preProject
		ReadME.txt = ReadME.txt
	EndProjectSection
EndProject
Project("{2150E333-8FDC-42A3-9474-1A3956D46DE8}") = "Solution Items", "Solution Items", "{3162E34D-C09D-4651-B888-DE28E3083481}"
	ProjectSection(SolutionItems) = preProject
		SerivceUlr.txt = SerivceUlr.txt
	EndProjectSection
EndProject
Project("{2150E333-8FDC-42A3-9474-1A3956D46DE8}") = "APIGateways", "APIGateways", "{3729DC94-3054-4E4F-98B6-C2D9B176F307}"
EndProject
Project("{2150E333-8FDC-42A3-9474-1A3956D46DE8}") = "BuildingBlocks", "BuildingBlocks", "{CA1E5D80-448E-439B-9CA1-A069D0FE4BA0}"
EndProject
Project("{2150E333-8FDC-42A3-9474-1A3956D46DE8}") = "Services", "Services", "{E75785AA-CE41-4745-94D5-E391E4D88331}"
EndProject
Project("{2150E333-8FDC-42A3-9474-1A3956D46DE8}") = "Clients", "Clients", "{48A3027F-D605-4E90-B416-4D6FF880015D}"
EndProject
Project("{2150E333-8FDC-42A3-9474-1A3956D46DE8}") = "WepAPIGateway", "WepAPIGateway", "{2B13C477-A152-42B3-8920-7F0C1C69AF82}"
EndProject
Project("{2150E333-8FDC-42A3-9474-1A3956D46DE8}") = "EventBus", "EventBus", "{F34ADAAB-6492-489C-8CCF-06100D82006D}"
	ProjectSection(SolutionItems) = preProject
		ReadMe.txt = ReadMe.txt
	EndProjectSection
EndProject
Project("{9A19103F-16F7-4668-BE54-9A1E7A4F7556}") = "Ocelot.APIGateway", "src\APIGateways\WebAPIGateway\Ocelot.APIGateway\Ocelot.APIGateway.csproj", "{16A24B57-45F3-4BCA-ADD8-21178B7B431A}"
EndProject
Project("{9A19103F-16F7-4668-BE54-9A1E7A4F7556}") = "EventBus.Base", "src\BuildingBlocks\EventBus\EventBus.Base\EventBus.Base.csproj", "{409EB4A0-4BFB-413D-96AB-9A318B3CC594}"
EndProject
Project("{9A19103F-16F7-4668-BE54-9A1E7A4F7556}") = "EventBus.Factory", "src\BuildingBlocks\EventBus\EventBus.Factory\EventBus.Factory.csproj", "{19A7A4D9-157C-46C8-AFC1-A4550A8D53EE}"
EndProject
Project("{9A19103F-16F7-4668-BE54-9A1E7A4F7556}") = "EventBus.AzureServiceBus", "src\BuildingBlocks\EventBus\EventBus.AzureServiceBus\EventBus.AzureServiceBus.csproj", "{CAD6AC4C-B413-41F3-8BC1-2E7F2CE3A763}"
EndProject
Project("{9A19103F-16F7-4668-BE54-9A1E7A4F7556}") = "EventBus.RabbitMQ", "src\BuildingBlocks\EventBus\EventBus.RabbitMQ\EventBus.RabbitMQ.csproj", "{0D95331F-667A-49C3-9BAF-7F41B5015445}"
EndProject
Project("{2150E333-8FDC-42A3-9474-1A3956D46DE8}") = "BlazorWebApp", "BlazorWebApp", "{3306BBBE-1757-4808-B653-B21F1884562A}"
EndProject
Project("{9A19103F-16F7-4668-BE54-9A1E7A4F7556}") = "WebApp", "src\Clients\BlazorWebApp\WebApp\WebApp.csproj", "{FEEC0A1D-2990-4526-992F-30C944F6D03F}"
EndProject
Project("{2150E333-8FDC-42A3-9474-1A3956D46DE8}") = "BasketService", "BasketService", "{0FFC9192-A882-4180-B0E8-75B1AD62C963}"
EndProject
Project("{9A19103F-16F7-4668-BE54-9A1E7A4F7556}") = "BasketService.API", "src\Services\BasketService\BasketService.API\BasketService.API.csproj", "{8149FE72-CBE9-4E6A-9BD4-06C34B781E22}"
EndProject
Project("{2150E333-8FDC-42A3-9474-1A3956D46DE8}") = "CatalogService", "CatalogService", "{57C85293-B64B-488E-AE9F-2BDA1A625A6F}"
EndProject
Project("{9A19103F-16F7-4668-BE54-9A1E7A4F7556}") = "CatalogService.API", "src\Services\CatalogService\CatalogService.API\CatalogService.API.csproj", "{6C147B17-A64E-4B45-B7BC-CE1AF1B064B6}"
EndProject
Project("{9A19103F-16F7-4668-BE54-9A1E7A4F7556}") = "IdentityService.API", "src\Services\IdentityService\IdentityService.API\IdentityService.API.csproj", "{31BA3F7A-8EF1-4F85-A891-10824E314BE7}"
EndProject
Project("{2150E333-8FDC-42A3-9474-1A3956D46DE8}") = "IdentityService", "IdentityService", "{16E3FCD7-CC24-45CE-840E-FC2F4A661247}"
EndProject
Project("{2150E333-8FDC-42A3-9474-1A3956D46DE8}") = "NotificationService", "NotificationService", "{8AA43DCD-F2B0-488B-8F65-975FC3A67B2A}"
EndProject
Project("{9A19103F-16F7-4668-BE54-9A1E7A4F7556}") = "Notification", "src\Services\NotificationService\Notification\Notification.csproj", "{4686E261-FAFC-4C2A-B9DA-327741F093FC}"
EndProject
Project("{2150E333-8FDC-42A3-9474-1A3956D46DE8}") = "OrderService", "OrderService", "{FA58DECA-EC28-42FB-81FA-F0EF20605B9A}"
EndProject
Project("{9A19103F-16F7-4668-BE54-9A1E7A4F7556}") = "OrderService.Domain", "src\Services\OrderService\Domain\OrderService.Domain\OrderService.Domain.csproj", "{E4CA1056-BCEF-4AD6-8BCD-595EFF491840}"
EndProject
Project("{9A19103F-16F7-4668-BE54-9A1E7A4F7556}") = "OrderService.API", "src\Services\OrderService\OrderService.API\OrderService.API.csproj", "{E498A497-4827-4D07-8D50-5524ECF621DF}"
EndProject
Project("{2150E333-8FDC-42A3-9474-1A3956D46DE8}") = "PaymentService", "PaymentService", "{B4794912-7251-44DF-9166-6FD2E77D4C0E}"
EndProject
Project("{9A19103F-16F7-4668-BE54-9A1E7A4F7556}") = "PaymentService.API", "src\Services\PaymentService\PaymentService.API\PaymentService.API.csproj", "{506C364D-F838-411E-8767-6F3C0B7556AB}"
EndProject
Project("{9A19103F-16F7-4668-BE54-9A1E7A4F7556}") = "OrderService.Application", "src\Services\OrderService\OrderService.Application\OrderService.Application.csproj", "{08246C80-AE20-4DC8-B8D7-AE1249C8F4F9}"
EndProject
Project("{9A19103F-16F7-4668-BE54-9A1E7A4F7556}") = "OrderService.Infrastructure", "src\Services\OrderService\OrderService.Infrastructure\OrderService.Infrastructure.csproj", "{0D826FD2-76D5-4B38-A8B4-D7C1B13956A9}"
EndProject
Project("{2150E333-8FDC-42A3-9474-1A3956D46DE8}") = "Tests", "Tests", "{1099394F-55AD-49F2-8159-AA9A4EF6FFB1}"
EndProject
Project("{2150E333-8FDC-42A3-9474-1A3956D46DE8}") = "BuildingBlocks", "BuildingBlocks", "{3727D3D3-7058-4FB2-A51F-CC2459AEFE92}"
EndProject
Project("{FAE04EC0-301F-11D3-BF4B-00C04F79EFBC}") = "EventBusXunitTest", "EventBusXunitTest\EventBusXunitTest.csproj", "{0A962F8F-FACA-44AD-A89E-802D93E1763D}"
EndProject
Global
	GlobalSection(SolutionConfigurationPlatforms) = preSolution
		Debug|Any CPU = Debug|Any CPU
		Release|Any CPU = Release|Any CPU
	EndGlobalSection
	GlobalSection(ProjectConfigurationPlatforms) = postSolution
		{16A24B57-45F3-4BCA-ADD8-21178B7B431A}.Debug|Any CPU.ActiveCfg = Debug|Any CPU
		{16A24B57-45F3-4BCA-ADD8-21178B7B431A}.Debug|Any CPU.Build.0 = Debug|Any CPU
		{16A24B57-45F3-4BCA-ADD8-21178B7B431A}.Release|Any CPU.ActiveCfg = Release|Any CPU
		{16A24B57-45F3-4BCA-ADD8-21178B7B431A}.Release|Any CPU.Build.0 = Release|Any CPU
		{409EB4A0-4BFB-413D-96AB-9A318B3CC594}.Debug|Any CPU.ActiveCfg = Debug|Any CPU
		{409EB4A0-4BFB-413D-96AB-9A318B3CC594}.Debug|Any CPU.Build.0 = Debug|Any CPU
		{409EB4A0-4BFB-413D-96AB-9A318B3CC594}.Release|Any CPU.ActiveCfg = Release|Any CPU
		{409EB4A0-4BFB-413D-96AB-9A318B3CC594}.Release|Any CPU.Build.0 = Release|Any CPU
		{19A7A4D9-157C-46C8-AFC1-A4550A8D53EE}.Debug|Any CPU.ActiveCfg = Debug|Any CPU
		{19A7A4D9-157C-46C8-AFC1-A4550A8D53EE}.Debug|Any CPU.Build.0 = Debug|Any CPU
		{19A7A4D9-157C-46C8-AFC1-A4550A8D53EE}.Release|Any CPU.ActiveCfg = Release|Any CPU
		{19A7A4D9-157C-46C8-AFC1-A4550A8D53EE}.Release|Any CPU.Build.0 = Release|Any CPU
		{CAD6AC4C-B413-41F3-8BC1-2E7F2CE3A763}.Debug|Any CPU.ActiveCfg = Debug|Any CPU
		{CAD6AC4C-B413-41F3-8BC1-2E7F2CE3A763}.Debug|Any CPU.Build.0 = Debug|Any CPU
		{CAD6AC4C-B413-41F3-8BC1-2E7F2CE3A763}.Release|Any CPU.ActiveCfg = Release|Any CPU
		{CAD6AC4C-B413-41F3-8BC1-2E7F2CE3A763}.Release|Any CPU.Build.0 = Release|Any CPU
		{0D95331F-667A-49C3-9BAF-7F41B5015445}.Debug|Any CPU.ActiveCfg = Debug|Any CPU
		{0D95331F-667A-49C3-9BAF-7F41B5015445}.Debug|Any CPU.Build.0 = Debug|Any CPU
		{0D95331F-667A-49C3-9BAF-7F41B5015445}.Release|Any CPU.ActiveCfg = Release|Any CPU
		{0D95331F-667A-49C3-9BAF-7F41B5015445}.Release|Any CPU.Build.0 = Release|Any CPU
		{FEEC0A1D-2990-4526-992F-30C944F6D03F}.Debug|Any CPU.ActiveCfg = Debug|Any CPU
		{FEEC0A1D-2990-4526-992F-30C944F6D03F}.Debug|Any CPU.Build.0 = Debug|Any CPU
		{FEEC0A1D-2990-4526-992F-30C944F6D03F}.Release|Any CPU.ActiveCfg = Release|Any CPU
		{FEEC0A1D-2990-4526-992F-30C944F6D03F}.Release|Any CPU.Build.0 = Release|Any CPU
		{8149FE72-CBE9-4E6A-9BD4-06C34B781E22}.Debug|Any CPU.ActiveCfg = Debug|Any CPU
		{8149FE72-CBE9-4E6A-9BD4-06C34B781E22}.Debug|Any CPU.Build.0 = Debug|Any CPU
		{8149FE72-CBE9-4E6A-9BD4-06C34B781E22}.Release|Any CPU.ActiveCfg = Release|Any CPU
		{8149FE72-CBE9-4E6A-9BD4-06C34B781E22}.Release|Any CPU.Build.0 = Release|Any CPU
		{6C147B17-A64E-4B45-B7BC-CE1AF1B064B6}.Debug|Any CPU.ActiveCfg = Debug|Any CPU
		{6C147B17-A64E-4B45-B7BC-CE1AF1B064B6}.Debug|Any CPU.Build.0 = Debug|Any CPU
		{6C147B17-A64E-4B45-B7BC-CE1AF1B064B6}.Release|Any CPU.ActiveCfg = Release|Any CPU
		{6C147B17-A64E-4B45-B7BC-CE1AF1B064B6}.Release|Any CPU.Build.0 = Release|Any CPU
		{31BA3F7A-8EF1-4F85-A891-10824E314BE7}.Debug|Any CPU.ActiveCfg = Debug|Any CPU
		{31BA3F7A-8EF1-4F85-A891-10824E314BE7}.Debug|Any CPU.Build.0 = Debug|Any CPU
		{31BA3F7A-8EF1-4F85-A891-10824E314BE7}.Release|Any CPU.ActiveCfg = Release|Any CPU
		{31BA3F7A-8EF1-4F85-A891-10824E314BE7}.Release|Any CPU.Build.0 = Release|Any CPU
		{4686E261-FAFC-4C2A-B9DA-327741F093FC}.Debug|Any CPU.ActiveCfg = Debug|Any CPU
		{4686E261-FAFC-4C2A-B9DA-327741F093FC}.Debug|Any CPU.Build.0 = Debug|Any CPU
		{4686E261-FAFC-4C2A-B9DA-327741F093FC}.Release|Any CPU.ActiveCfg = Release|Any CPU
		{4686E261-FAFC-4C2A-B9DA-327741F093FC}.Release|Any CPU.Build.0 = Release|Any CPU
		{E4CA1056-BCEF-4AD6-8BCD-595EFF491840}.Debug|Any CPU.ActiveCfg = Debug|Any CPU
		{E4CA1056-BCEF-4AD6-8BCD-595EFF491840}.Debug|Any CPU.Build.0 = Debug|Any CPU
		{E4CA1056-BCEF-4AD6-8BCD-595EFF491840}.Release|Any CPU.ActiveCfg = Release|Any CPU
		{E4CA1056-BCEF-4AD6-8BCD-595EFF491840}.Release|Any CPU.Build.0 = Release|Any CPU
		{E498A497-4827-4D07-8D50-5524ECF621DF}.Debug|Any CPU.ActiveCfg = Debug|Any CPU
		{E498A497-4827-4D07-8D50-5524ECF621DF}.Debug|Any CPU.Build.0 = Debug|Any CPU
		{E498A497-4827-4D07-8D50-5524ECF621DF}.Release|Any CPU.ActiveCfg = Release|Any CPU
		{E498A497-4827-4D07-8D50-5524ECF621DF}.Release|Any CPU.Build.0 = Release|Any CPU
		{506C364D-F838-411E-8767-6F3C0B7556AB}.Debug|Any CPU.ActiveCfg = Debug|Any CPU
		{506C364D-F838-411E-8767-6F3C0B7556AB}.Debug|Any CPU.Build.0 = Debug|Any CPU
		{506C364D-F838-411E-8767-6F3C0B7556AB}.Release|Any CPU.ActiveCfg = Release|Any CPU
		{506C364D-F838-411E-8767-6F3C0B7556AB}.Release|Any CPU.Build.0 = Release|Any CPU
		{08246C80-AE20-4DC8-B8D7-AE1249C8F4F9}.Debug|Any CPU.ActiveCfg = Debug|Any CPU
		{08246C80-AE20-4DC8-B8D7-AE1249C8F4F9}.Debug|Any CPU.Build.0 = Debug|Any CPU
		{08246C80-AE20-4DC8-B8D7-AE1249C8F4F9}.Release|Any CPU.ActiveCfg = Release|Any CPU
		{08246C80-AE20-4DC8-B8D7-AE1249C8F4F9}.Release|Any CPU.Build.0 = Release|Any CPU
		{0D826FD2-76D5-4B38-A8B4-D7C1B13956A9}.Debug|Any CPU.ActiveCfg = Debug|Any CPU
		{0D826FD2-76D5-4B38-A8B4-D7C1B13956A9}.Debug|Any CPU.Build.0 = Debug|Any CPU
		{0D826FD2-76D5-4B38-A8B4-D7C1B13956A9}.Release|Any CPU.ActiveCfg = Release|Any CPU
		{0D826FD2-76D5-4B38-A8B4-D7C1B13956A9}.Release|Any CPU.Build.0 = Release|Any CPU
		{0A962F8F-FACA-44AD-A89E-802D93E1763D}.Debug|Any CPU.ActiveCfg = Debug|Any CPU
		{0A962F8F-FACA-44AD-A89E-802D93E1763D}.Debug|Any CPU.Build.0 = Debug|Any CPU
		{0A962F8F-FACA-44AD-A89E-802D93E1763D}.Release|Any CPU.ActiveCfg = Release|Any CPU
		{0A962F8F-FACA-44AD-A89E-802D93E1763D}.Release|Any CPU.Build.0 = Release|Any CPU
	EndGlobalSection
	GlobalSection(SolutionProperties) = preSolution
		HideSolutionNode = FALSE
	EndGlobalSection
	GlobalSection(NestedProjects) = preSolution
		{3729DC94-3054-4E4F-98B6-C2D9B176F307} = {2C02AA95-1F2A-4788-B71E-2381B7E30F6E}
		{CA1E5D80-448E-439B-9CA1-A069D0FE4BA0} = {2C02AA95-1F2A-4788-B71E-2381B7E30F6E}
		{E75785AA-CE41-4745-94D5-E391E4D88331} = {2C02AA95-1F2A-4788-B71E-2381B7E30F6E}
		{48A3027F-D605-4E90-B416-4D6FF880015D} = {2C02AA95-1F2A-4788-B71E-2381B7E30F6E}
		{2B13C477-A152-42B3-8920-7F0C1C69AF82} = {3729DC94-3054-4E4F-98B6-C2D9B176F307}
		{F34ADAAB-6492-489C-8CCF-06100D82006D} = {CA1E5D80-448E-439B-9CA1-A069D0FE4BA0}
		{16A24B57-45F3-4BCA-ADD8-21178B7B431A} = {2B13C477-A152-42B3-8920-7F0C1C69AF82}
		{409EB4A0-4BFB-413D-96AB-9A318B3CC594} = {F34ADAAB-6492-489C-8CCF-06100D82006D}
		{19A7A4D9-157C-46C8-AFC1-A4550A8D53EE} = {F34ADAAB-6492-489C-8CCF-06100D82006D}
		{CAD6AC4C-B413-41F3-8BC1-2E7F2CE3A763} = {F34ADAAB-6492-489C-8CCF-06100D82006D}
		{0D95331F-667A-49C3-9BAF-7F41B5015445} = {F34ADAAB-6492-489C-8CCF-06100D82006D}
		{3306BBBE-1757-4808-B653-B21F1884562A} = {48A3027F-D605-4E90-B416-4D6FF880015D}
		{FEEC0A1D-2990-4526-992F-30C944F6D03F} = {3306BBBE-1757-4808-B653-B21F1884562A}
		{0FFC9192-A882-4180-B0E8-75B1AD62C963} = {E75785AA-CE41-4745-94D5-E391E4D88331}
		{8149FE72-CBE9-4E6A-9BD4-06C34B781E22} = {0FFC9192-A882-4180-B0E8-75B1AD62C963}
		{57C85293-B64B-488E-AE9F-2BDA1A625A6F} = {E75785AA-CE41-4745-94D5-E391E4D88331}
		{6C147B17-A64E-4B45-B7BC-CE1AF1B064B6} = {57C85293-B64B-488E-AE9F-2BDA1A625A6F}
		{31BA3F7A-8EF1-4F85-A891-10824E314BE7} = {16E3FCD7-CC24-45CE-840E-FC2F4A661247}
		{16E3FCD7-CC24-45CE-840E-FC2F4A661247} = {E75785AA-CE41-4745-94D5-E391E4D88331}
		{8AA43DCD-F2B0-488B-8F65-975FC3A67B2A} = {E75785AA-CE41-4745-94D5-E391E4D88331}
		{4686E261-FAFC-4C2A-B9DA-327741F093FC} = {8AA43DCD-F2B0-488B-8F65-975FC3A67B2A}
		{FA58DECA-EC28-42FB-81FA-F0EF20605B9A} = {E75785AA-CE41-4745-94D5-E391E4D88331}
		{E4CA1056-BCEF-4AD6-8BCD-595EFF491840} = {FA58DECA-EC28-42FB-81FA-F0EF20605B9A}
		{E498A497-4827-4D07-8D50-5524ECF621DF} = {FA58DECA-EC28-42FB-81FA-F0EF20605B9A}
		{B4794912-7251-44DF-9166-6FD2E77D4C0E} = {E75785AA-CE41-4745-94D5-E391E4D88331}
		{506C364D-F838-411E-8767-6F3C0B7556AB} = {B4794912-7251-44DF-9166-6FD2E77D4C0E}
		{08246C80-AE20-4DC8-B8D7-AE1249C8F4F9} = {FA58DECA-EC28-42FB-81FA-F0EF20605B9A}
		{0D826FD2-76D5-4B38-A8B4-D7C1B13956A9} = {FA58DECA-EC28-42FB-81FA-F0EF20605B9A}
		{3727D3D3-7058-4FB2-A51F-CC2459AEFE92} = {1099394F-55AD-49F2-8159-AA9A4EF6FFB1}
		{0A962F8F-FACA-44AD-A89E-802D93E1763D} = {3727D3D3-7058-4FB2-A51F-CC2459AEFE92}
	EndGlobalSection
	GlobalSection(ExtensibilityGlobals) = postSolution
		SolutionGuid = {CC154AE9-A620-4EFB-A4B6-5BE5E578E12E}
	EndGlobalSection
EndGlobal
